// !$*UTF8*$!
{
	archiveVersion = 1;
	classes = {
	};
	objectVersion = 51;
	objects = {

/* Begin PBXBuildFile section */
		1A834F2025D7DD190077F822 /* AppDelegate.swift in Sources */ = {isa = PBXBuildFile; fileRef = 1A834F1F25D7DD190077F822 /* AppDelegate.swift */; };
		1A834F2225D7DD190077F822 /* SceneDelegate.swift in Sources */ = {isa = PBXBuildFile; fileRef = 1A834F2125D7DD190077F822 /* SceneDelegate.swift */; };
		1A834F2425D7DD190077F822 /* ViewController.swift in Sources */ = {isa = PBXBuildFile; fileRef = 1A834F2325D7DD190077F822 /* ViewController.swift */; };
		1A834F2725D7DD190077F822 /* Main.storyboard in Resources */ = {isa = PBXBuildFile; fileRef = 1A834F2525D7DD190077F822 /* Main.storyboard */; };
		1A834F2925D7DD1A0077F822 /* Assets.xcassets in Resources */ = {isa = PBXBuildFile; fileRef = 1A834F2825D7DD1A0077F822 /* Assets.xcassets */; };
		1A834F2C25D7DD1A0077F822 /* LaunchScreen.storyboard in Resources */ = {isa = PBXBuildFile; fileRef = 1A834F2A25D7DD1A0077F822 /* LaunchScreen.storyboard */; };
		1A834F3725D7DD1A0077F822 /* CocoaPodsAppTests.swift in Sources */ = {isa = PBXBuildFile; fileRef = 1A834F3625D7DD1A0077F822 /* CocoaPodsAppTests.swift */; };
		1A834F4225D7DD1A0077F822 /* CocoaPodsAppUITests.swift in Sources */ = {isa = PBXBuildFile; fileRef = 1A834F4125D7DD1A0077F822 /* CocoaPodsAppUITests.swift */; };
		1A834F5325D7DE5A0077F822 /* lady_photo.jpg in Resources */ = {isa = PBXBuildFile; fileRef = 1A834F5225D7DE5A0077F822 /* lady_photo.jpg */; };
		31A7D460598090FF5797978F /* Pods_CocoaPodsApp_CocoaPodsAppUITests.framework in Frameworks */ = {isa = PBXBuildFile; fileRef = 4D923429D6E8A5B88ACBF8B5 /* Pods_CocoaPodsApp_CocoaPodsAppUITests.framework */; };
		949733E981C2918B4F9CE579 /* Pods_CocoaPodsAppTests.framework in Frameworks */ = {isa = PBXBuildFile; fileRef = C7046A16124F7A71F9216C19 /* Pods_CocoaPodsAppTests.framework */; };
		AD51D1413E8EC34CDD0B9154 /* Pods_CocoaPodsApp.framework in Frameworks */ = {isa = PBXBuildFile; fileRef = 8B5B8CA28A11D8DE0DE90FCE /* Pods_CocoaPodsApp.framework */; };
/* End PBXBuildFile section */

/* Begin PBXContainerItemProxy section */
		1A834F3325D7DD1A0077F822 /* PBXContainerItemProxy */ = {
			isa = PBXContainerItemProxy;
			containerPortal = 1A834F1425D7DD190077F822 /* Project object */;
			proxyType = 1;
			remoteGlobalIDString = 1A834F1B25D7DD190077F822;
			remoteInfo = CocoaPodsApp;
		};
		1A834F3E25D7DD1A0077F822 /* PBXContainerItemProxy */ = {
			isa = PBXContainerItemProxy;
			containerPortal = 1A834F1425D7DD190077F822 /* Project object */;
			proxyType = 1;
			remoteGlobalIDString = 1A834F1B25D7DD190077F822;
			remoteInfo = CocoaPodsApp;
		};
/* End PBXContainerItemProxy section */

/* Begin PBXFileReference section */
		1A834F1C25D7DD190077F822 /* CocoaPodsApp.app */ = {isa = PBXFileReference; explicitFileType = wrapper.application; includeInIndex = 0; path = CocoaPodsApp.app; sourceTree = BUILT_PRODUCTS_DIR; };
		1A834F1F25D7DD190077F822 /* AppDelegate.swift */ = {isa = PBXFileReference; lastKnownFileType = sourcecode.swift; path = AppDelegate.swift; sourceTree = "<group>"; };
		1A834F2125D7DD190077F822 /* SceneDelegate.swift */ = {isa = PBXFileReference; lastKnownFileType = sourcecode.swift; path = SceneDelegate.swift; sourceTree = "<group>"; };
		1A834F2325D7DD190077F822 /* ViewController.swift */ = {isa = PBXFileReference; lastKnownFileType = sourcecode.swift; path = ViewController.swift; sourceTree = "<group>"; };
		1A834F2625D7DD190077F822 /* Base */ = {isa = PBXFileReference; lastKnownFileType = file.storyboard; name = Base; path = Base.lproj/Main.storyboard; sourceTree = "<group>"; };
		1A834F2825D7DD1A0077F822 /* Assets.xcassets */ = {isa = PBXFileReference; lastKnownFileType = folder.assetcatalog; path = Assets.xcassets; sourceTree = "<group>"; };
		1A834F2B25D7DD1A0077F822 /* Base */ = {isa = PBXFileReference; lastKnownFileType = file.storyboard; name = Base; path = Base.lproj/LaunchScreen.storyboard; sourceTree = "<group>"; };
		1A834F2D25D7DD1A0077F822 /* Info.plist */ = {isa = PBXFileReference; lastKnownFileType = text.plist.xml; path = Info.plist; sourceTree = "<group>"; };
		1A834F3225D7DD1A0077F822 /* CocoaPodsAppTests.xctest */ = {isa = PBXFileReference; explicitFileType = wrapper.cfbundle; includeInIndex = 0; path = CocoaPodsAppTests.xctest; sourceTree = BUILT_PRODUCTS_DIR; };
		1A834F3625D7DD1A0077F822 /* CocoaPodsAppTests.swift */ = {isa = PBXFileReference; lastKnownFileType = sourcecode.swift; path = CocoaPodsAppTests.swift; sourceTree = "<group>"; };
		1A834F3825D7DD1A0077F822 /* Info.plist */ = {isa = PBXFileReference; lastKnownFileType = text.plist.xml; path = Info.plist; sourceTree = "<group>"; };
		1A834F3D25D7DD1A0077F822 /* CocoaPodsAppUITests.xctest */ = {isa = PBXFileReference; explicitFileType = wrapper.cfbundle; includeInIndex = 0; path = CocoaPodsAppUITests.xctest; sourceTree = BUILT_PRODUCTS_DIR; };
		1A834F4125D7DD1A0077F822 /* CocoaPodsAppUITests.swift */ = {isa = PBXFileReference; lastKnownFileType = sourcecode.swift; path = CocoaPodsAppUITests.swift; sourceTree = "<group>"; };
		1A834F4325D7DD1A0077F822 /* Info.plist */ = {isa = PBXFileReference; lastKnownFileType = text.plist.xml; path = Info.plist; sourceTree = "<group>"; };
		1A834F5225D7DE5A0077F822 /* lady_photo.jpg */ = {isa = PBXFileReference; lastKnownFileType = image.jpeg; path = lady_photo.jpg; sourceTree = "<group>"; };
		4D923429D6E8A5B88ACBF8B5 /* Pods_CocoaPodsApp_CocoaPodsAppUITests.framework */ = {isa = PBXFileReference; explicitFileType = wrapper.framework; includeInIndex = 0; path = Pods_CocoaPodsApp_CocoaPodsAppUITests.framework; sourceTree = BUILT_PRODUCTS_DIR; };
		54A756C5F0A234607BC20E58 /* Pods-CocoaPodsAppTests.release.xcconfig */ = {isa = PBXFileReference; includeInIndex = 1; lastKnownFileType = text.xcconfig; name = "Pods-CocoaPodsAppTests.release.xcconfig"; path = "Target Support Files/Pods-CocoaPodsAppTests/Pods-CocoaPodsAppTests.release.xcconfig"; sourceTree = "<group>"; };
		8349514EE3D1B62C74293C01 /* Pods-CocoaPodsApp.release.xcconfig */ = {isa = PBXFileReference; includeInIndex = 1; lastKnownFileType = text.xcconfig; name = "Pods-CocoaPodsApp.release.xcconfig"; path = "Target Support Files/Pods-CocoaPodsApp/Pods-CocoaPodsApp.release.xcconfig"; sourceTree = "<group>"; };
		8B5B8CA28A11D8DE0DE90FCE /* Pods_CocoaPodsApp.framework */ = {isa = PBXFileReference; explicitFileType = wrapper.framework; includeInIndex = 0; path = Pods_CocoaPodsApp.framework; sourceTree = BUILT_PRODUCTS_DIR; };
		95C6642ED9048D704F7B9BB2 /* Pods-CocoaPodsApp.debug.xcconfig */ = {isa = PBXFileReference; includeInIndex = 1; lastKnownFileType = text.xcconfig; name = "Pods-CocoaPodsApp.debug.xcconfig"; path = "Target Support Files/Pods-CocoaPodsApp/Pods-CocoaPodsApp.debug.xcconfig"; sourceTree = "<group>"; };
		A1DA93658B89D1BDDC13BECC /* Pods-CocoaPodsAppTests.debug.xcconfig */ = {isa = PBXFileReference; includeInIndex = 1; lastKnownFileType = text.xcconfig; name = "Pods-CocoaPodsAppTests.debug.xcconfig"; path = "Target Support Files/Pods-CocoaPodsAppTests/Pods-CocoaPodsAppTests.debug.xcconfig"; sourceTree = "<group>"; };
		A7DB49EC9F0F26E8C5F5C3F4 /* Pods-CocoaPodsApp-CocoaPodsAppUITests.debug.xcconfig */ = {isa = PBXFileReference; includeInIndex = 1; lastKnownFileType = text.xcconfig; name = "Pods-CocoaPodsApp-CocoaPodsAppUITests.debug.xcconfig"; path = "Target Support Files/Pods-CocoaPodsApp-CocoaPodsAppUITests/Pods-CocoaPodsApp-CocoaPodsAppUITests.debug.xcconfig"; sourceTree = "<group>"; };
		AF94F3AB1E63C315D96451D4 /* Pods-CocoaPodsApp-CocoaPodsAppUITests.release.xcconfig */ = {isa = PBXFileReference; includeInIndex = 1; lastKnownFileType = text.xcconfig; name = "Pods-CocoaPodsApp-CocoaPodsAppUITests.release.xcconfig"; path = "Target Support Files/Pods-CocoaPodsApp-CocoaPodsAppUITests/Pods-CocoaPodsApp-CocoaPodsAppUITests.release.xcconfig"; sourceTree = "<group>"; };
		C7046A16124F7A71F9216C19 /* Pods_CocoaPodsAppTests.framework */ = {isa = PBXFileReference; explicitFileType = wrapper.framework; includeInIndex = 0; path = Pods_CocoaPodsAppTests.framework; sourceTree = BUILT_PRODUCTS_DIR; };
/* End PBXFileReference section */

/* Begin PBXFrameworksBuildPhase section */
		1A834F1925D7DD190077F822 /* Frameworks */ = {
			isa = PBXFrameworksBuildPhase;
			buildActionMask = 2147483647;
			files = (
				AD51D1413E8EC34CDD0B9154 /* Pods_CocoaPodsApp.framework in Frameworks */,
			);
			runOnlyForDeploymentPostprocessing = 0;
		};
		1A834F2F25D7DD1A0077F822 /* Frameworks */ = {
			isa = PBXFrameworksBuildPhase;
			buildActionMask = 2147483647;
			files = (
				949733E981C2918B4F9CE579 /* Pods_CocoaPodsAppTests.framework in Frameworks */,
			);
			runOnlyForDeploymentPostprocessing = 0;
		};
		1A834F3A25D7DD1A0077F822 /* Frameworks */ = {
			isa = PBXFrameworksBuildPhase;
			buildActionMask = 2147483647;
			files = (
				31A7D460598090FF5797978F /* Pods_CocoaPodsApp_CocoaPodsAppUITests.framework in Frameworks */,
			);
			runOnlyForDeploymentPostprocessing = 0;
		};
/* End PBXFrameworksBuildPhase section */

/* Begin PBXGroup section */
		1A834F1325D7DD190077F822 = {
			isa = PBXGroup;
			children = (
				1A834F1E25D7DD190077F822 /* CocoaPodsApp */,
				1A834F3525D7DD1A0077F822 /* CocoaPodsAppTests */,
				1A834F4025D7DD1A0077F822 /* CocoaPodsAppUITests */,
				1A834F1D25D7DD190077F822 /* Products */,
				95FB60D56B50033F8DB97FE0 /* Pods */,
				512A2644136B89C8CC0BAF2E /* Frameworks */,
			);
			sourceTree = "<group>";
		};
		1A834F1D25D7DD190077F822 /* Products */ = {
			isa = PBXGroup;
			children = (
				1A834F1C25D7DD190077F822 /* CocoaPodsApp.app */,
				1A834F3225D7DD1A0077F822 /* CocoaPodsAppTests.xctest */,
				1A834F3D25D7DD1A0077F822 /* CocoaPodsAppUITests.xctest */,
			);
			name = Products;
			sourceTree = "<group>";
		};
		1A834F1E25D7DD190077F822 /* CocoaPodsApp */ = {
			isa = PBXGroup;
			children = (
				1A834F5225D7DE5A0077F822 /* lady_photo.jpg */,
				1A834F1F25D7DD190077F822 /* AppDelegate.swift */,
				1A834F2125D7DD190077F822 /* SceneDelegate.swift */,
				1A834F2325D7DD190077F822 /* ViewController.swift */,
				1A834F2525D7DD190077F822 /* Main.storyboard */,
				1A834F2825D7DD1A0077F822 /* Assets.xcassets */,
				1A834F2A25D7DD1A0077F822 /* LaunchScreen.storyboard */,
				1A834F2D25D7DD1A0077F822 /* Info.plist */,
			);
			path = CocoaPodsApp;
			sourceTree = "<group>";
		};
		1A834F3525D7DD1A0077F822 /* CocoaPodsAppTests */ = {
			isa = PBXGroup;
			children = (
				1A834F3625D7DD1A0077F822 /* CocoaPodsAppTests.swift */,
				1A834F3825D7DD1A0077F822 /* Info.plist */,
			);
			path = CocoaPodsAppTests;
			sourceTree = "<group>";
		};
		1A834F4025D7DD1A0077F822 /* CocoaPodsAppUITests */ = {
			isa = PBXGroup;
			children = (
				1A834F4125D7DD1A0077F822 /* CocoaPodsAppUITests.swift */,
				1A834F4325D7DD1A0077F822 /* Info.plist */,
			);
			path = CocoaPodsAppUITests;
			sourceTree = "<group>";
		};
		512A2644136B89C8CC0BAF2E /* Frameworks */ = {
			isa = PBXGroup;
			children = (
				8B5B8CA28A11D8DE0DE90FCE /* Pods_CocoaPodsApp.framework */,
				4D923429D6E8A5B88ACBF8B5 /* Pods_CocoaPodsApp_CocoaPodsAppUITests.framework */,
				C7046A16124F7A71F9216C19 /* Pods_CocoaPodsAppTests.framework */,
			);
			name = Frameworks;
			sourceTree = "<group>";
		};
		95FB60D56B50033F8DB97FE0 /* Pods */ = {
			isa = PBXGroup;
			children = (
				95C6642ED9048D704F7B9BB2 /* Pods-CocoaPodsApp.debug.xcconfig */,
				8349514EE3D1B62C74293C01 /* Pods-CocoaPodsApp.release.xcconfig */,
				A7DB49EC9F0F26E8C5F5C3F4 /* Pods-CocoaPodsApp-CocoaPodsAppUITests.debug.xcconfig */,
				AF94F3AB1E63C315D96451D4 /* Pods-CocoaPodsApp-CocoaPodsAppUITests.release.xcconfig */,
				A1DA93658B89D1BDDC13BECC /* Pods-CocoaPodsAppTests.debug.xcconfig */,
				54A756C5F0A234607BC20E58 /* Pods-CocoaPodsAppTests.release.xcconfig */,
			);
			path = Pods;
			sourceTree = "<group>";
		};
/* End PBXGroup section */

/* Begin PBXNativeTarget section */
		1A834F1B25D7DD190077F822 /* CocoaPodsApp */ = {
			isa = PBXNativeTarget;
			buildConfigurationList = 1A834F4625D7DD1A0077F822 /* Build configuration list for PBXNativeTarget "CocoaPodsApp" */;
			buildPhases = (
				F1BCCFC442D4D49B76AC93E5 /* [CP] Check Pods Manifest.lock */,
				1A834F1825D7DD190077F822 /* Sources */,
				1A834F1925D7DD190077F822 /* Frameworks */,
				1A834F1A25D7DD190077F822 /* Resources */,
				5475F6B52E85D04D7BF1A0BB /* [CP] Embed Pods Frameworks */,
			);
			buildRules = (
			);
			dependencies = (
			);
			name = CocoaPodsApp;
			productName = CocoaPodsApp;
			productReference = 1A834F1C25D7DD190077F822 /* CocoaPodsApp.app */;
			productType = "com.apple.product-type.application";
		};
		1A834F3125D7DD1A0077F822 /* CocoaPodsAppTests */ = {
			isa = PBXNativeTarget;
			buildConfigurationList = 1A834F4925D7DD1A0077F822 /* Build configuration list for PBXNativeTarget "CocoaPodsAppTests" */;
			buildPhases = (
				8CA52EFB918F97DC6F8DD496 /* [CP] Check Pods Manifest.lock */,
				1A834F2E25D7DD1A0077F822 /* Sources */,
				1A834F2F25D7DD1A0077F822 /* Frameworks */,
				1A834F3025D7DD1A0077F822 /* Resources */,
			);
			buildRules = (
			);
			dependencies = (
				1A834F3425D7DD1A0077F822 /* PBXTargetDependency */,
			);
			name = CocoaPodsAppTests;
			productName = CocoaPodsAppTests;
			productReference = 1A834F3225D7DD1A0077F822 /* CocoaPodsAppTests.xctest */;
			productType = "com.apple.product-type.bundle.unit-test";
		};
		1A834F3C25D7DD1A0077F822 /* CocoaPodsAppUITests */ = {
			isa = PBXNativeTarget;
			buildConfigurationList = 1A834F4C25D7DD1A0077F822 /* Build configuration list for PBXNativeTarget "CocoaPodsAppUITests" */;
			buildPhases = (
				C84231F50FE0EE922E1BB17E /* [CP] Check Pods Manifest.lock */,
				1A834F3925D7DD1A0077F822 /* Sources */,
				1A834F3A25D7DD1A0077F822 /* Frameworks */,
				1A834F3B25D7DD1A0077F822 /* Resources */,
				1C96C4CAADF113C9BE1C34FF /* [CP] Embed Pods Frameworks */,
			);
			buildRules = (
			);
			dependencies = (
				1A834F3F25D7DD1A0077F822 /* PBXTargetDependency */,
			);
			name = CocoaPodsAppUITests;
			productName = CocoaPodsAppUITests;
			productReference = 1A834F3D25D7DD1A0077F822 /* CocoaPodsAppUITests.xctest */;
			productType = "com.apple.product-type.bundle.ui-testing";
		};
/* End PBXNativeTarget section */

/* Begin PBXProject section */
		1A834F1425D7DD190077F822 /* Project object */ = {
			isa = PBXProject;
			attributes = {
				LastSwiftUpdateCheck = 1240;
				LastUpgradeCheck = 1240;
				TargetAttributes = {
					1A834F1B25D7DD190077F822 = {
						CreatedOnToolsVersion = 12.4;
					};
					1A834F3125D7DD1A0077F822 = {
						CreatedOnToolsVersion = 12.4;
						TestTargetID = 1A834F1B25D7DD190077F822;
					};
					1A834F3C25D7DD1A0077F822 = {
						CreatedOnToolsVersion = 12.4;
						TestTargetID = 1A834F1B25D7DD190077F822;
					};
				};
			};
			buildConfigurationList = 1A834F1725D7DD190077F822 /* Build configuration list for PBXProject "CocoaPodsApp" */;
			compatibilityVersion = "Xcode 9.3";
			developmentRegion = en;
			hasScannedForEncodings = 0;
			knownRegions = (
				en,
				Base,
			);
			mainGroup = 1A834F1325D7DD190077F822;
			productRefGroup = 1A834F1D25D7DD190077F822 /* Products */;
			projectDirPath = "";
			projectRoot = "";
			targets = (
				1A834F1B25D7DD190077F822 /* CocoaPodsApp */,
				1A834F3125D7DD1A0077F822 /* CocoaPodsAppTests */,
				1A834F3C25D7DD1A0077F822 /* CocoaPodsAppUITests */,
			);
		};
/* End PBXProject section */

/* Begin PBXResourcesBuildPhase section */
		1A834F1A25D7DD190077F822 /* Resources */ = {
			isa = PBXResourcesBuildPhase;
			buildActionMask = 2147483647;
			files = (
				1A834F5325D7DE5A0077F822 /* lady_photo.jpg in Resources */,
				1A834F2C25D7DD1A0077F822 /* LaunchScreen.storyboard in Resources */,
				1A834F2925D7DD1A0077F822 /* Assets.xcassets in Resources */,
				1A834F2725D7DD190077F822 /* Main.storyboard in Resources */,
			);
			runOnlyForDeploymentPostprocessing = 0;
		};
		1A834F3025D7DD1A0077F822 /* Resources */ = {
			isa = PBXResourcesBuildPhase;
			buildActionMask = 2147483647;
			files = (
			);
			runOnlyForDeploymentPostprocessing = 0;
		};
		1A834F3B25D7DD1A0077F822 /* Resources */ = {
			isa = PBXResourcesBuildPhase;
			buildActionMask = 2147483647;
			files = (
			);
			runOnlyForDeploymentPostprocessing = 0;
		};
/* End PBXResourcesBuildPhase section */

/* Begin PBXShellScriptBuildPhase section */
		1C96C4CAADF113C9BE1C34FF /* [CP] Embed Pods Frameworks */ = {
			isa = PBXShellScriptBuildPhase;
			buildActionMask = 2147483647;
			files = (
			);
			inputFileListPaths = (
				"${PODS_ROOT}/Target Support Files/Pods-CocoaPodsApp-CocoaPodsAppUITests/Pods-CocoaPodsApp-CocoaPodsAppUITests-frameworks-${CONFIGURATION}-input-files.xcfilelist",
			);
			name = "[CP] Embed Pods Frameworks";
			outputFileListPaths = (
				"${PODS_ROOT}/Target Support Files/Pods-CocoaPodsApp-CocoaPodsAppUITests/Pods-CocoaPodsApp-CocoaPodsAppUITests-frameworks-${CONFIGURATION}-output-files.xcfilelist",
			);
			runOnlyForDeploymentPostprocessing = 0;
			shellPath = /bin/sh;
			shellScript = "\"${PODS_ROOT}/Target Support Files/Pods-CocoaPodsApp-CocoaPodsAppUITests/Pods-CocoaPodsApp-CocoaPodsAppUITests-frameworks.sh\"\n";
			showEnvVarsInLog = 0;
		};
		5475F6B52E85D04D7BF1A0BB /* [CP] Embed Pods Frameworks */ = {
			isa = PBXShellScriptBuildPhase;
			buildActionMask = 2147483647;
			files = (
			);
			inputFileListPaths = (
				"${PODS_ROOT}/Target Support Files/Pods-CocoaPodsApp/Pods-CocoaPodsApp-frameworks-${CONFIGURATION}-input-files.xcfilelist",
			);
			name = "[CP] Embed Pods Frameworks";
			outputFileListPaths = (
				"${PODS_ROOT}/Target Support Files/Pods-CocoaPodsApp/Pods-CocoaPodsApp-frameworks-${CONFIGURATION}-output-files.xcfilelist",
			);
			runOnlyForDeploymentPostprocessing = 0;
			shellPath = /bin/sh;
			shellScript = "\"${PODS_ROOT}/Target Support Files/Pods-CocoaPodsApp/Pods-CocoaPodsApp-frameworks.sh\"\n";
			showEnvVarsInLog = 0;
		};
		8CA52EFB918F97DC6F8DD496 /* [CP] Check Pods Manifest.lock */ = {
			isa = PBXShellScriptBuildPhase;
			buildActionMask = 2147483647;
			files = (
			);
			inputFileListPaths = (
			);
			inputPaths = (
				"${PODS_PODFILE_DIR_PATH}/Podfile.lock",
				"${PODS_ROOT}/Manifest.lock",
			);
			name = "[CP] Check Pods Manifest.lock";
			outputFileListPaths = (
			);
			outputPaths = (
				"$(DERIVED_FILE_DIR)/Pods-CocoaPodsAppTests-checkManifestLockResult.txt",
			);
			runOnlyForDeploymentPostprocessing = 0;
			shellPath = /bin/sh;
			shellScript = "diff \"${PODS_PODFILE_DIR_PATH}/Podfile.lock\" \"${PODS_ROOT}/Manifest.lock\" > /dev/null\nif [ $? != 0 ] ; then\n    # print error to STDERR\n    echo \"error: The sandbox is not in sync with the Podfile.lock. Run 'pod install' or update your CocoaPods installation.\" >&2\n    exit 1\nfi\n# This output is used by Xcode 'outputs' to avoid re-running this script phase.\necho \"SUCCESS\" > \"${SCRIPT_OUTPUT_FILE_0}\"\n";
			showEnvVarsInLog = 0;
		};
		C84231F50FE0EE922E1BB17E /* [CP] Check Pods Manifest.lock */ = {
			isa = PBXShellScriptBuildPhase;
			buildActionMask = 2147483647;
			files = (
			);
			inputFileListPaths = (
			);
			inputPaths = (
				"${PODS_PODFILE_DIR_PATH}/Podfile.lock",
				"${PODS_ROOT}/Manifest.lock",
			);
			name = "[CP] Check Pods Manifest.lock";
			outputFileListPaths = (
			);
			outputPaths = (
				"$(DERIVED_FILE_DIR)/Pods-CocoaPodsApp-CocoaPodsAppUITests-checkManifestLockResult.txt",
			);
			runOnlyForDeploymentPostprocessing = 0;
			shellPath = /bin/sh;
			shellScript = "diff \"${PODS_PODFILE_DIR_PATH}/Podfile.lock\" \"${PODS_ROOT}/Manifest.lock\" > /dev/null\nif [ $? != 0 ] ; then\n    # print error to STDERR\n    echo \"error: The sandbox is not in sync with the Podfile.lock. Run 'pod install' or update your CocoaPods installation.\" >&2\n    exit 1\nfi\n# This output is used by Xcode 'outputs' to avoid re-running this script phase.\necho \"SUCCESS\" > \"${SCRIPT_OUTPUT_FILE_0}\"\n";
			showEnvVarsInLog = 0;
		};
		F1BCCFC442D4D49B76AC93E5 /* [CP] Check Pods Manifest.lock */ = {
			isa = PBXShellScriptBuildPhase;
			buildActionMask = 2147483647;
			files = (
			);
			inputFileListPaths = (
			);
			inputPaths = (
				"${PODS_PODFILE_DIR_PATH}/Podfile.lock",
				"${PODS_ROOT}/Manifest.lock",
			);
			name = "[CP] Check Pods Manifest.lock";
			outputFileListPaths = (
			);
			outputPaths = (
				"$(DERIVED_FILE_DIR)/Pods-CocoaPodsApp-checkManifestLockResult.txt",
			);
			runOnlyForDeploymentPostprocessing = 0;
			shellPath = /bin/sh;
			shellScript = "diff \"${PODS_PODFILE_DIR_PATH}/Podfile.lock\" \"${PODS_ROOT}/Manifest.lock\" > /dev/null\nif [ $? != 0 ] ; then\n    # print error to STDERR\n    echo \"error: The sandbox is not in sync with the Podfile.lock. Run 'pod install' or update your CocoaPods installation.\" >&2\n    exit 1\nfi\n# This output is used by Xcode 'outputs' to avoid re-running this script phase.\necho \"SUCCESS\" > \"${SCRIPT_OUTPUT_FILE_0}\"\n";
			showEnvVarsInLog = 0;
		};
/* End PBXShellScriptBuildPhase section */

/* Begin PBXSourcesBuildPhase section */
		1A834F1825D7DD190077F822 /* Sources */ = {
			isa = PBXSourcesBuildPhase;
			buildActionMask = 2147483647;
			files = (
				1A834F2425D7DD190077F822 /* ViewController.swift in Sources */,
				1A834F2025D7DD190077F822 /* AppDelegate.swift in Sources */,
				1A834F2225D7DD190077F822 /* SceneDelegate.swift in Sources */,
			);
			runOnlyForDeploymentPostprocessing = 0;
		};
		1A834F2E25D7DD1A0077F822 /* Sources */ = {
			isa = PBXSourcesBuildPhase;
			buildActionMask = 2147483647;
			files = (
				1A834F3725D7DD1A0077F822 /* CocoaPodsAppTests.swift in Sources */,
			);
			runOnlyForDeploymentPostprocessing = 0;
		};
		1A834F3925D7DD1A0077F822 /* Sources */ = {
			isa = PBXSourcesBuildPhase;
			buildActionMask = 2147483647;
			files = (
				1A834F4225D7DD1A0077F822 /* CocoaPodsAppUITests.swift in Sources */,
			);
			runOnlyForDeploymentPostprocessing = 0;
		};
/* End PBXSourcesBuildPhase section */

/* Begin PBXTargetDependency section */
		1A834F3425D7DD1A0077F822 /* PBXTargetDependency */ = {
			isa = PBXTargetDependency;
			target = 1A834F1B25D7DD190077F822 /* CocoaPodsApp */;
			targetProxy = 1A834F3325D7DD1A0077F822 /* PBXContainerItemProxy */;
		};
		1A834F3F25D7DD1A0077F822 /* PBXTargetDependency */ = {
			isa = PBXTargetDependency;
			target = 1A834F1B25D7DD190077F822 /* CocoaPodsApp */;
			targetProxy = 1A834F3E25D7DD1A0077F822 /* PBXContainerItemProxy */;
		};
/* End PBXTargetDependency section */

/* Begin PBXVariantGroup section */
		1A834F2525D7DD190077F822 /* Main.storyboard */ = {
			isa = PBXVariantGroup;
			children = (
				1A834F2625D7DD190077F822 /* Base */,
			);
			name = Main.storyboard;
			sourceTree = "<group>";
		};
		1A834F2A25D7DD1A0077F822 /* LaunchScreen.storyboard */ = {
			isa = PBXVariantGroup;
			children = (
				1A834F2B25D7DD1A0077F822 /* Base */,
			);
			name = LaunchScreen.storyboard;
			sourceTree = "<group>";
		};
/* End PBXVariantGroup section */

/* Begin XCBuildConfiguration section */
		1A834F4425D7DD1A0077F822 /* Debug */ = {
			isa = XCBuildConfiguration;
			buildSettings = {
				ALWAYS_SEARCH_USER_PATHS = NO;
				CLANG_ANALYZER_NONNULL = YES;
				CLANG_ANALYZER_NUMBER_OBJECT_CONVERSION = YES_AGGRESSIVE;
				CLANG_CXX_LANGUAGE_STANDARD = "gnu++14";
				CLANG_CXX_LIBRARY = "libc++";
				CLANG_ENABLE_MODULES = YES;
				CLANG_ENABLE_OBJC_ARC = YES;
				CLANG_ENABLE_OBJC_WEAK = YES;
				CLANG_WARN_BLOCK_CAPTURE_AUTORELEASING = YES;
				CLANG_WARN_BOOL_CONVERSION = YES;
				CLANG_WARN_COMMA = YES;
				CLANG_WARN_CONSTANT_CONVERSION = YES;
				CLANG_WARN_DEPRECATED_OBJC_IMPLEMENTATIONS = YES;
				CLANG_WARN_DIRECT_OBJC_ISA_USAGE = YES_ERROR;
				CLANG_WARN_DOCUMENTATION_COMMENTS = YES;
				CLANG_WARN_EMPTY_BODY = YES;
				CLANG_WARN_ENUM_CONVERSION = YES;
				CLANG_WARN_INFINITE_RECURSION = YES;
				CLANG_WARN_INT_CONVERSION = YES;
				CLANG_WARN_NON_LITERAL_NULL_CONVERSION = YES;
				CLANG_WARN_OBJC_IMPLICIT_RETAIN_SELF = YES;
				CLANG_WARN_OBJC_LITERAL_CONVERSION = YES;
				CLANG_WARN_OBJC_ROOT_CLASS = YES_ERROR;
				CLANG_WARN_QUOTED_INCLUDE_IN_FRAMEWORK_HEADER = YES;
				CLANG_WARN_RANGE_LOOP_ANALYSIS = YES;
				CLANG_WARN_STRICT_PROTOTYPES = YES;
				CLANG_WARN_SUSPICIOUS_MOVE = YES;
				CLANG_WARN_UNGUARDED_AVAILABILITY = YES_AGGRESSIVE;
				CLANG_WARN_UNREACHABLE_CODE = YES;
				CLANG_WARN__DUPLICATE_METHOD_MATCH = YES;
				COPY_PHASE_STRIP = NO;
				DEBUG_INFORMATION_FORMAT = dwarf;
				ENABLE_STRICT_OBJC_MSGSEND = YES;
				ENABLE_TESTABILITY = YES;
				GCC_C_LANGUAGE_STANDARD = gnu11;
				GCC_DYNAMIC_NO_PIC = NO;
				GCC_NO_COMMON_BLOCKS = YES;
				GCC_OPTIMIZATION_LEVEL = 0;
				GCC_PREPROCESSOR_DEFINITIONS = (
					"DEBUG=1",
					"$(inherited)",
				);
				GCC_WARN_64_TO_32_BIT_CONVERSION = YES;
				GCC_WARN_ABOUT_RETURN_TYPE = YES_ERROR;
				GCC_WARN_UNDECLARED_SELECTOR = YES;
				GCC_WARN_UNINITIALIZED_AUTOS = YES_AGGRESSIVE;
				GCC_WARN_UNUSED_FUNCTION = YES;
				GCC_WARN_UNUSED_VARIABLE = YES;
				IPHONEOS_DEPLOYMENT_TARGET = 14.4;
				MTL_ENABLE_DEBUG_INFO = INCLUDE_SOURCE;
				MTL_FAST_MATH = YES;
				ONLY_ACTIVE_ARCH = YES;
				SDKROOT = iphoneos;
				SWIFT_ACTIVE_COMPILATION_CONDITIONS = DEBUG;
				SWIFT_OPTIMIZATION_LEVEL = "-Onone";
			};
			name = Debug;
		};
		1A834F4525D7DD1A0077F822 /* Release */ = {
			isa = XCBuildConfiguration;
			buildSettings = {
				ALWAYS_SEARCH_USER_PATHS = NO;
				CLANG_ANALYZER_NONNULL = YES;
				CLANG_ANALYZER_NUMBER_OBJECT_CONVERSION = YES_AGGRESSIVE;
				CLANG_CXX_LANGUAGE_STANDARD = "gnu++14";
				CLANG_CXX_LIBRARY = "libc++";
				CLANG_ENABLE_MODULES = YES;
				CLANG_ENABLE_OBJC_ARC = YES;
				CLANG_ENABLE_OBJC_WEAK = YES;
				CLANG_WARN_BLOCK_CAPTURE_AUTORELEASING = YES;
				CLANG_WARN_BOOL_CONVERSION = YES;
				CLANG_WARN_COMMA = YES;
				CLANG_WARN_CONSTANT_CONVERSION = YES;
				CLANG_WARN_DEPRECATED_OBJC_IMPLEMENTATIONS = YES;
				CLANG_WARN_DIRECT_OBJC_ISA_USAGE = YES_ERROR;
				CLANG_WARN_DOCUMENTATION_COMMENTS = YES;
				CLANG_WARN_EMPTY_BODY = YES;
				CLANG_WARN_ENUM_CONVERSION = YES;
				CLANG_WARN_INFINITE_RECURSION = YES;
				CLANG_WARN_INT_CONVERSION = YES;
				CLANG_WARN_NON_LITERAL_NULL_CONVERSION = YES;
				CLANG_WARN_OBJC_IMPLICIT_RETAIN_SELF = YES;
				CLANG_WARN_OBJC_LITERAL_CONVERSION = YES;
				CLANG_WARN_OBJC_ROOT_CLASS = YES_ERROR;
				CLANG_WARN_QUOTED_INCLUDE_IN_FRAMEWORK_HEADER = YES;
				CLANG_WARN_RANGE_LOOP_ANALYSIS = YES;
				CLANG_WARN_STRICT_PROTOTYPES = YES;
				CLANG_WARN_SUSPICIOUS_MOVE = YES;
				CLANG_WARN_UNGUARDED_AVAILABILITY = YES_AGGRESSIVE;
				CLANG_WARN_UNREACHABLE_CODE = YES;
				CLANG_WARN__DUPLICATE_METHOD_MATCH = YES;
				COPY_PHASE_STRIP = NO;
				DEBUG_INFORMATION_FORMAT = "dwarf-with-dsym";
				ENABLE_NS_ASSERTIONS = NO;
				ENABLE_STRICT_OBJC_MSGSEND = YES;
				GCC_C_LANGUAGE_STANDARD = gnu11;
				GCC_NO_COMMON_BLOCKS = YES;
				GCC_WARN_64_TO_32_BIT_CONVERSION = YES;
				GCC_WARN_ABOUT_RETURN_TYPE = YES_ERROR;
				GCC_WARN_UNDECLARED_SELECTOR = YES;
				GCC_WARN_UNINITIALIZED_AUTOS = YES_AGGRESSIVE;
				GCC_WARN_UNUSED_FUNCTION = YES;
				GCC_WARN_UNUSED_VARIABLE = YES;
				IPHONEOS_DEPLOYMENT_TARGET = 14.4;
				MTL_ENABLE_DEBUG_INFO = NO;
				MTL_FAST_MATH = YES;
				SDKROOT = iphoneos;
				SWIFT_COMPILATION_MODE = wholemodule;
				SWIFT_OPTIMIZATION_LEVEL = "-O";
				VALIDATE_PRODUCT = YES;
			};
			name = Release;
		};
		1A834F4725D7DD1A0077F822 /* Debug */ = {
			isa = XCBuildConfiguration;
			baseConfigurationReference = 95C6642ED9048D704F7B9BB2 /* Pods-CocoaPodsApp.debug.xcconfig */;
			buildSettings = {
				ASSETCATALOG_COMPILER_APPICON_NAME = AppIcon;
				ASSETCATALOG_COMPILER_GLOBAL_ACCENT_COLOR_NAME = AccentColor;
				CODE_SIGN_STYLE = Automatic;
				DEVELOPMENT_TEAM = 7W99LDKFYV;
				INFOPLIST_FILE = CocoaPodsApp/Info.plist;
				LD_RUNPATH_SEARCH_PATHS = (
					"$(inherited)",
					"@executable_path/Frameworks",
				);
				PRODUCT_BUNDLE_IDENTIFIER = app.tatsui.nagiwo.CocoaPodsApp;
				PRODUCT_NAME = "$(TARGET_NAME)";
				SWIFT_VERSION = 5.0;
				TARGETED_DEVICE_FAMILY = "1,2";
			};
			name = Debug;
		};
		1A834F4825D7DD1A0077F822 /* Release */ = {
			isa = XCBuildConfiguration;
			baseConfigurationReference = 8349514EE3D1B62C74293C01 /* Pods-CocoaPodsApp.release.xcconfig */;
			buildSettings = {
				ASSETCATALOG_COMPILER_APPICON_NAME = AppIcon;
				ASSETCATALOG_COMPILER_GLOBAL_ACCENT_COLOR_NAME = AccentColor;
				CODE_SIGN_STYLE = Automatic;
				DEVELOPMENT_TEAM = 7W99LDKFYV;
				INFOPLIST_FILE = CocoaPodsApp/Info.plist;
				LD_RUNPATH_SEARCH_PATHS = (
					"$(inherited)",
					"@executable_path/Frameworks",
				);
				PRODUCT_BUNDLE_IDENTIFIER = app.tatsui.nagiwo.CocoaPodsApp;
				PRODUCT_NAME = "$(TARGET_NAME)";
				SWIFT_VERSION = 5.0;
				TARGETED_DEVICE_FAMILY = "1,2";
			};
			name = Release;
		};
		1A834F4A25D7DD1A0077F822 /* Debug */ = {
			isa = XCBuildConfiguration;
			baseConfigurationReference = A1DA93658B89D1BDDC13BECC /* Pods-CocoaPodsAppTests.debug.xcconfig */;
			buildSettings = {
				ALWAYS_EMBED_SWIFT_STANDARD_LIBRARIES = YES;
				BUNDLE_LOADER = "$(TEST_HOST)";
				CODE_SIGN_STYLE = Automatic;
				INFOPLIST_FILE = CocoaPodsAppTests/Info.plist;
				IPHONEOS_DEPLOYMENT_TARGET = 14.4;
				LD_RUNPATH_SEARCH_PATHS = (
					"$(inherited)",
					"@executable_path/Frameworks",
					"@loader_path/Frameworks",
				);
				PRODUCT_BUNDLE_IDENTIFIER = app.tatsui.nagiwo.CocoaPodsAppTests;
				PRODUCT_NAME = "$(TARGET_NAME)";
				SWIFT_VERSION = 5.0;
				TARGETED_DEVICE_FAMILY = "1,2";
				TEST_HOST = "$(BUILT_PRODUCTS_DIR)/CocoaPodsApp.app/CocoaPodsApp";
			};
			name = Debug;
		};
		1A834F4B25D7DD1A0077F822 /* Release */ = {
			isa = XCBuildConfiguration;
			baseConfigurationReference = 54A756C5F0A234607BC20E58 /* Pods-CocoaPodsAppTests.release.xcconfig */;
			buildSettings = {
				ALWAYS_EMBED_SWIFT_STANDARD_LIBRARIES = YES;
				BUNDLE_LOADER = "$(TEST_HOST)";
				CODE_SIGN_STYLE = Automatic;
				INFOPLIST_FILE = CocoaPodsAppTests/Info.plist;
				IPHONEOS_DEPLOYMENT_TARGET = 14.4;
				LD_RUNPATH_SEARCH_PATHS = (
					"$(inherited)",
					"@executable_path/Frameworks",
					"@loader_path/Frameworks",
				);
				PRODUCT_BUNDLE_IDENTIFIER = app.tatsui.nagiwo.CocoaPodsAppTests;
				PRODUCT_NAME = "$(TARGET_NAME)";
				SWIFT_VERSION = 5.0;
				TARGETED_DEVICE_FAMILY = "1,2";
				TEST_HOST = "$(BUILT_PRODUCTS_DIR)/CocoaPodsApp.app/CocoaPodsApp";
			};
			name = Release;
		};
		1A834F4D25D7DD1A0077F822 /* Debug */ = {
			isa = XCBuildConfiguration;
			baseConfigurationReference = A7DB49EC9F0F26E8C5F5C3F4 /* Pods-CocoaPodsApp-CocoaPodsAppUITests.debug.xcconfig */;
			buildSettings = {
				ALWAYS_EMBED_SWIFT_STANDARD_LIBRARIES = YES;
				CODE_SIGN_STYLE = Automatic;
				INFOPLIST_FILE = CocoaPodsAppUITests/Info.plist;
				LD_RUNPATH_SEARCH_PATHS = (
					"$(inherited)",
					"@executable_path/Frameworks",
					"@loader_path/Frameworks",
				);
				PRODUCT_BUNDLE_IDENTIFIER = app.tatsui.nagiwo.CocoaPodsAppUITests;
				PRODUCT_NAME = "$(TARGET_NAME)";
				SWIFT_VERSION = 5.0;
				TARGETED_DEVICE_FAMILY = "1,2";
				TEST_TARGET_NAME = CocoaPodsApp;
			};
			name = Debug;
		};
		1A834F4E25D7DD1A0077F822 /* Release */ = {
			isa = XCBuildConfiguration;
			baseConfigurationReference = AF94F3AB1E63C315D96451D4 /* Pods-CocoaPodsApp-CocoaPodsAppUITests.release.xcconfig */;
			buildSettings = {
				ALWAYS_EMBED_SWIFT_STANDARD_LIBRARIES = YES;
				CODE_SIGN_STYLE = Automatic;
				INFOPLIST_FILE = CocoaPodsAppUITests/Info.plist;
				LD_RUNPATH_SEARCH_PATHS = (
					"$(inherited)",
					"@executable_path/Frameworks",
					"@loader_path/Frameworks",
				);
				PRODUCT_BUNDLE_IDENTIFIER = app.tatsui.nagiwo.CocoaPodsAppUITests;
				PRODUCT_NAME = "$(TARGET_NAME)";
				SWIFT_VERSION = 5.0;
				TARGETED_DEVICE_FAMILY = "1,2";
				TEST_TARGET_NAME = CocoaPodsApp;
			};
			name = Release;
		};
/* End XCBuildConfiguration section */

/* Begin XCConfigurationList section */
		1A834F1725D7DD190077F822 /* Build configuration list for PBXProject "CocoaPodsApp" */ = {
			isa = XCConfigurationList;
			buildConfigurations = (
				1A834F4425D7DD1A0077F822 /* Debug */,
				1A834F4525D7DD1A0077F822 /* Release */,
			);
			defaultConfigurationIsVisible = 0;
			defaultConfigurationName = Release;
		};
		1A834F4625D7DD1A0077F822 /* Build configuration list for PBXNativeTarget "CocoaPodsApp" */ = {
			isa = XCConfigurationList;
			buildConfigurations = (
				1A834F4725D7DD1A0077F822 /* Debug */,
				1A834F4825D7DD1A0077F822 /* Release */,
			);
			defaultConfigurationIsVisible = 0;
			defaultConfigurationName = Release;
		};
		1A834F4925D7DD1A0077F822 /* Build configuration list for PBXNativeTarget "CocoaPodsAppTests" */ = {
			isa = XCConfigurationList;
			buildConfigurations = (
				1A834F4A25D7DD1A0077F822 /* Debug */,
				1A834F4B25D7DD1A0077F822 /* Release */,
			);
			defaultConfigurationIsVisible = 0;
			defaultConfigurationName = Release;
		};
		1A834F4C25D7DD1A0077F822 /* Build configuration list for PBXNativeTarget "CocoaPodsAppUITests" */ = {
			isa = XCConfigurationList;
			buildConfigurations = (
				1A834F4D25D7DD1A0077F822 /* Debug */,
				1A834F4E25D7DD1A0077F822 /* Release */,
			);
			defaultConfigurationIsVisible = 0;
			defaultConfigurationName = Release;
		};
/* End XCConfigurationList section */
	};
	rootObject = 1A834F1425D7DD190077F822 /* Project object */;
}
